
Microsoft Visual Studio Solution File, Format Version 12.00
# Visual Studio Version 16
VisualStudioVersion = 16.6.30114.105
MinimumVisualStudioVersion = 10.0.40219.1
Project("{FAE04EC0-301F-11D3-BF4B-00C04F79EFBC}") = "API", "API\API.csproj", "{F3B613BA-16A8-427A-8603-F9FED7C85C64}"
EndProject
Project("{FAE04EC0-301F-11D3-BF4B-00C04F79EFBC}") = "Application", "Application\Application.csproj", "{11D39141-C6D2-40A1-AFAA-6FBC23E7F49B}"
EndProject
Project("{FAE04EC0-301F-11D3-BF4B-00C04F79EFBC}") = "Domain", "Domain\Domain.csproj", "{56650077-4017-448F-AC4A-9B36065DB1E5}"
EndProject
Project("{FAE04EC0-301F-11D3-BF4B-00C04F79EFBC}") = "Persistance", "Persistance\Persistance.csproj", "{8159B67F-3D63-472D-994A-A35CEFC3767F}"
EndProject
Global
	GlobalSection(SolutionConfigurationPlatforms) = preSolution
		Debug|Any CPU = Debug|Any CPU
		Debug|x64 = Debug|x64
		Debug|x86 = Debug|x86
		Release|Any CPU = Release|Any CPU
		Release|x64 = Release|x64
		Release|x86 = Release|x86
	EndGlobalSection
	GlobalSection(SolutionProperties) = preSolution
		HideSolutionNode = FALSE
	EndGlobalSection
	GlobalSection(ProjectConfigurationPlatforms) = postSolution
		{F3B613BA-16A8-427A-8603-F9FED7C85C64}.Debug|Any CPU.ActiveCfg = Debug|Any CPU
		{F3B613BA-16A8-427A-8603-F9FED7C85C64}.Debug|Any CPU.Build.0 = Debug|Any CPU
		{F3B613BA-16A8-427A-8603-F9FED7C85C64}.Debug|x64.ActiveCfg = Debug|Any CPU
		{F3B613BA-16A8-427A-8603-F9FED7C85C64}.Debug|x64.Build.0 = Debug|Any CPU
		{F3B613BA-16A8-427A-8603-F9FED7C85C64}.Debug|x86.ActiveCfg = Debug|Any CPU
		{F3B613BA-16A8-427A-8603-F9FED7C85C64}.Debug|x86.Build.0 = Debug|Any CPU
		{F3B613BA-16A8-427A-8603-F9FED7C85C64}.Release|Any CPU.ActiveCfg = Release|Any CPU
		{F3B613BA-16A8-427A-8603-F9FED7C85C64}.Release|Any CPU.Build.0 = Release|Any CPU
		{F3B613BA-16A8-427A-8603-F9FED7C85C64}.Release|x64.ActiveCfg = Release|Any CPU
		{F3B613BA-16A8-427A-8603-F9FED7C85C64}.Release|x64.Build.0 = Release|Any CPU
		{F3B613BA-16A8-427A-8603-F9FED7C85C64}.Release|x86.ActiveCfg = Release|Any CPU
		{F3B613BA-16A8-427A-8603-F9FED7C85C64}.Release|x86.Build.0 = Release|Any CPU
		{11D39141-C6D2-40A1-AFAA-6FBC23E7F49B}.Debug|Any CPU.ActiveCfg = Debug|Any CPU
		{11D39141-C6D2-40A1-AFAA-6FBC23E7F49B}.Debug|Any CPU.Build.0 = Debug|Any CPU
		{11D39141-C6D2-40A1-AFAA-6FBC23E7F49B}.Debug|x64.ActiveCfg = Debug|Any CPU
		{11D39141-C6D2-40A1-AFAA-6FBC23E7F49B}.Debug|x64.Build.0 = Debug|Any CPU
		{11D39141-C6D2-40A1-AFAA-6FBC23E7F49B}.Debug|x86.ActiveCfg = Debug|Any CPU
		{11D39141-C6D2-40A1-AFAA-6FBC23E7F49B}.Debug|x86.Build.0 = Debug|Any CPU
		{11D39141-C6D2-40A1-AFAA-6FBC23E7F49B}.Release|Any CPU.ActiveCfg = Release|Any CPU
		{11D39141-C6D2-40A1-AFAA-6FBC23E7F49B}.Release|Any CPU.Build.0 = Release|Any CPU
		{11D39141-C6D2-40A1-AFAA-6FBC23E7F49B}.Release|x64.ActiveCfg = Release|Any CPU
		{11D39141-C6D2-40A1-AFAA-6FBC23E7F49B}.Release|x64.Build.0 = Release|Any CPU
		{11D39141-C6D2-40A1-AFAA-6FBC23E7F49B}.Release|x86.ActiveCfg = Release|Any CPU
		{11D39141-C6D2-40A1-AFAA-6FBC23E7F49B}.Release|x86.Build.0 = Release|Any CPU
		{56650077-4017-448F-AC4A-9B36065DB1E5}.Debug|Any CPU.ActiveCfg = Debug|Any CPU
		{56650077-4017-448F-AC4A-9B36065DB1E5}.Debug|Any CPU.Build.0 = Debug|Any CPU
		{56650077-4017-448F-AC4A-9B36065DB1E5}.Debug|x64.ActiveCfg = Debug|Any CPU
		{56650077-4017-448F-AC4A-9B36065DB1E5}.Debug|x64.Build.0 = Debug|Any CPU
		{56650077-4017-448F-AC4A-9B36065DB1E5}.Debug|x86.ActiveCfg = Debug|Any CPU
		{56650077-4017-448F-AC4A-9B36065DB1E5}.Debug|x86.Build.0 = Debug|Any CPU
		{56650077-4017-448F-AC4A-9B36065DB1E5}.Release|Any CPU.ActiveCfg = Release|Any CPU
		{56650077-4017-448F-AC4A-9B36065DB1E5}.Release|Any CPU.Build.0 = Release|Any CPU
		{56650077-4017-448F-AC4A-9B36065DB1E5}.Release|x64.ActiveCfg = Release|Any CPU
		{56650077-4017-448F-AC4A-9B36065DB1E5}.Release|x64.Build.0 = Release|Any CPU
		{56650077-4017-448F-AC4A-9B36065DB1E5}.Release|x86.ActiveCfg = Release|Any CPU
		{56650077-4017-448F-AC4A-9B36065DB1E5}.Release|x86.Build.0 = Release|Any CPU
		{8159B67F-3D63-472D-994A-A35CEFC3767F}.Debug|Any CPU.ActiveCfg = Debug|Any CPU
		{8159B67F-3D63-472D-994A-A35CEFC3767F}.Debug|Any CPU.Build.0 = Debug|Any CPU
		{8159B67F-3D63-472D-994A-A35CEFC3767F}.Debug|x64.ActiveCfg = Debug|Any CPU
		{8159B67F-3D63-472D-994A-A35CEFC3767F}.Debug|x64.Build.0 = Debug|Any CPU
		{8159B67F-3D63-472D-994A-A35CEFC3767F}.Debug|x86.ActiveCfg = Debug|Any CPU
		{8159B67F-3D63-472D-994A-A35CEFC3767F}.Debug|x86.Build.0 = Debug|Any CPU
		{8159B67F-3D63-472D-994A-A35CEFC3767F}.Release|Any CPU.ActiveCfg = Release|Any CPU
		{8159B67F-3D63-472D-994A-A35CEFC3767F}.Release|Any CPU.Build.0 = Release|Any CPU
		{8159B67F-3D63-472D-994A-A35CEFC3767F}.Release|x64.ActiveCfg = Release|Any CPU
		{8159B67F-3D63-472D-994A-A35CEFC3767F}.Release|x64.Build.0 = Release|Any CPU
		{8159B67F-3D63-472D-994A-A35CEFC3767F}.Release|x86.ActiveCfg = Release|Any CPU
		{8159B67F-3D63-472D-994A-A35CEFC3767F}.Release|x86.Build.0 = Release|Any CPU
	EndGlobalSection
EndGlobal
